// !$*UTF8*$!
{
	archiveVersion = 1;
	classes = {
	};
	objectVersion = 46;
	objects = {

/* Begin PBXBuildFile section */
		8B022D281E0F0C830011AE73 /* EntryViewController.swift in Sources */ = {isa = PBXBuildFile; fileRef = 8B022D271E0F0C830011AE73 /* EntryViewController.swift */; };
		8B0842C41E0DBBFC0006EF76 /* GoogleService-Info.plist in Resources */ = {isa = PBXBuildFile; fileRef = 8B0842C31E0DBBFC0006EF76 /* GoogleService-Info.plist */; };
		8B0E7D541E33D27400852FFF /* RoundedCornerButton.swift in Sources */ = {isa = PBXBuildFile; fileRef = 8B0E7D531E33D27400852FFF /* RoundedCornerButton.swift */; };
		8B0EA4821E0C5A080028D020 /* HomeEntryCell.swift in Sources */ = {isa = PBXBuildFile; fileRef = 8B0EA4811E0C5A080028D020 /* HomeEntryCell.swift */; };
		8B0EA4851E0C5A620028D020 /* Entry.swift in Sources */ = {isa = PBXBuildFile; fileRef = 8B0EA4841E0C5A620028D020 /* Entry.swift */; };
		8B1032001E3BB19100388064 /* PasswordPromptViewController.swift in Sources */ = {isa = PBXBuildFile; fileRef = 8B1031FF1E3BB19100388064 /* PasswordPromptViewController.swift */; };
		8B10320D1E3E3AE800388064 /* AppearanceManager.swift in Sources */ = {isa = PBXBuildFile; fileRef = 8B10320C1E3E3AE800388064 /* AppearanceManager.swift */; };
		8B10320F1E3E57F700388064 /* SwipeableTableViewCell.swift in Sources */ = {isa = PBXBuildFile; fileRef = 8B10320E1E3E57F700388064 /* SwipeableTableViewCell.swift */; };
		8B1075E81E168CEC0060A9EE /* KeychainHelper.swift in Sources */ = {isa = PBXBuildFile; fileRef = 8B1075E71E168CEC0060A9EE /* KeychainHelper.swift */; };
		8B1075EA1E16B8DD0060A9EE /* UIColor+Extension.swift in Sources */ = {isa = PBXBuildFile; fileRef = 8B1075E91E16B8DD0060A9EE /* UIColor+Extension.swift */; };
		8B18916E1E36911900D55B5A /* SettingsViewController.swift in Sources */ = {isa = PBXBuildFile; fileRef = 8B18916D1E36911900D55B5A /* SettingsViewController.swift */; };
		8B4F46B61E4394EA00392258 /* SettingsTableViewCell.swift in Sources */ = {isa = PBXBuildFile; fileRef = 8B4F46B51E4394EA00392258 /* SettingsTableViewCell.swift */; };
		8B4F46B81E43958600392258 /* HeaderView.swift in Sources */ = {isa = PBXBuildFile; fileRef = 8B4F46B71E43958600392258 /* HeaderView.swift */; };
		8B5685DF1E3A574B00A71866 /* PasswordModel.swift in Sources */ = {isa = PBXBuildFile; fileRef = 8B5685DE1E3A574B00A71866 /* PasswordModel.swift */; };
		8BD2D8581E39DD4400F9535F /* PasswordContainerView.swift in Sources */ = {isa = PBXBuildFile; fileRef = 8BD2D8541E39DD4400F9535F /* PasswordContainerView.swift */; };
		8BD2D8591E39DD4400F9535F /* PasswordDotView.swift in Sources */ = {isa = PBXBuildFile; fileRef = 8BD2D8551E39DD4400F9535F /* PasswordDotView.swift */; };
		8BD2D85A1E39DD4400F9535F /* PasswordInputView.swift in Sources */ = {isa = PBXBuildFile; fileRef = 8BD2D8561E39DD4400F9535F /* PasswordInputView.swift */; };
		8BD2D85B1E39DD4400F9535F /* PasswordUIValidation.swift in Sources */ = {isa = PBXBuildFile; fileRef = 8BD2D8571E39DD4400F9535F /* PasswordUIValidation.swift */; };
		8BD2D85D1E39DD7F00F9535F /* PasswordContainerView.xib in Resources */ = {isa = PBXBuildFile; fileRef = 8BD2D85C1E39DD7F00F9535F /* PasswordContainerView.xib */; };
		8BE3DF091E3938E400C7B5E2 /* SettingsEnums.swift in Sources */ = {isa = PBXBuildFile; fileRef = 8BE3DF081E3938E400C7B5E2 /* SettingsEnums.swift */; };
		8BF3EFDE1E0577E4002BCB60 /* AppDelegate.swift in Sources */ = {isa = PBXBuildFile; fileRef = 8BF3EFDD1E0577E4002BCB60 /* AppDelegate.swift */; };
		8BF3EFE01E0577E4002BCB60 /* LoginViewController.swift in Sources */ = {isa = PBXBuildFile; fileRef = 8BF3EFDF1E0577E4002BCB60 /* LoginViewController.swift */; };
		8BF3EFE31E0577E4002BCB60 /* Main.storyboard in Resources */ = {isa = PBXBuildFile; fileRef = 8BF3EFE11E0577E4002BCB60 /* Main.storyboard */; };
		8BF3EFE51E0577E4002BCB60 /* Assets.xcassets in Resources */ = {isa = PBXBuildFile; fileRef = 8BF3EFE41E0577E4002BCB60 /* Assets.xcassets */; };
		8BF3EFE81E0577E4002BCB60 /* LaunchScreen.storyboard in Resources */ = {isa = PBXBuildFile; fileRef = 8BF3EFE61E0577E4002BCB60 /* LaunchScreen.storyboard */; };
		8BF3EFF01E057C8E002BCB60 /* HomeViewController.swift in Sources */ = {isa = PBXBuildFile; fileRef = 8BF3EFEF1E057C8E002BCB60 /* HomeViewController.swift */; };
		A05EBE7AE2CC978B2F106A5A /* Pods_Vault.framework in Frameworks */ = {isa = PBXBuildFile; fileRef = C48EDC4DA34C55641B8A113D /* Pods_Vault.framework */; };
/* End PBXBuildFile section */

/* Begin PBXFileReference section */
		217D892BDE47C0FA8ABA769F /* Pods-Vault.debug.xcconfig */ = {isa = PBXFileReference; includeInIndex = 1; lastKnownFileType = text.xcconfig; name = "Pods-Vault.debug.xcconfig"; path = "Pods/Target Support Files/Pods-Vault/Pods-Vault.debug.xcconfig"; sourceTree = "<group>"; };
		8B022D271E0F0C830011AE73 /* EntryViewController.swift */ = {isa = PBXFileReference; fileEncoding = 4; lastKnownFileType = sourcecode.swift; path = EntryViewController.swift; sourceTree = "<group>"; };
		8B0842C31E0DBBFC0006EF76 /* GoogleService-Info.plist */ = {isa = PBXFileReference; fileEncoding = 4; lastKnownFileType = text.plist.xml; path = "GoogleService-Info.plist"; sourceTree = "<group>"; };
		8B0E7D531E33D27400852FFF /* RoundedCornerButton.swift */ = {isa = PBXFileReference; fileEncoding = 4; lastKnownFileType = sourcecode.swift; path = RoundedCornerButton.swift; sourceTree = "<group>"; };
		8B0EA4811E0C5A080028D020 /* HomeEntryCell.swift */ = {isa = PBXFileReference; fileEncoding = 4; lastKnownFileType = sourcecode.swift; path = HomeEntryCell.swift; sourceTree = "<group>"; };
		8B0EA4841E0C5A620028D020 /* Entry.swift */ = {isa = PBXFileReference; fileEncoding = 4; lastKnownFileType = sourcecode.swift; path = Entry.swift; sourceTree = "<group>"; };
		8B1031FF1E3BB19100388064 /* PasswordPromptViewController.swift */ = {isa = PBXFileReference; fileEncoding = 4; lastKnownFileType = sourcecode.swift; path = PasswordPromptViewController.swift; sourceTree = "<group>"; };
		8B10320C1E3E3AE800388064 /* AppearanceManager.swift */ = {isa = PBXFileReference; fileEncoding = 4; lastKnownFileType = sourcecode.swift; path = AppearanceManager.swift; sourceTree = "<group>"; };
		8B10320E1E3E57F700388064 /* SwipeableTableViewCell.swift */ = {isa = PBXFileReference; fileEncoding = 4; lastKnownFileType = sourcecode.swift; path = SwipeableTableViewCell.swift; sourceTree = "<group>"; };
		8B1075E71E168CEC0060A9EE /* KeychainHelper.swift */ = {isa = PBXFileReference; fileEncoding = 4; lastKnownFileType = sourcecode.swift; path = KeychainHelper.swift; sourceTree = "<group>"; };
		8B1075E91E16B8DD0060A9EE /* UIColor+Extension.swift */ = {isa = PBXFileReference; fileEncoding = 4; lastKnownFileType = sourcecode.swift; path = "UIColor+Extension.swift"; sourceTree = "<group>"; };
		8B10F1141E105489006B74F9 /* Vault.entitlements */ = {isa = PBXFileReference; lastKnownFileType = text.plist.entitlements; path = Vault.entitlements; sourceTree = "<group>"; };
		8B18916D1E36911900D55B5A /* SettingsViewController.swift */ = {isa = PBXFileReference; fileEncoding = 4; lastKnownFileType = sourcecode.swift; path = SettingsViewController.swift; sourceTree = "<group>"; };
		8B4F46B51E4394EA00392258 /* SettingsTableViewCell.swift */ = {isa = PBXFileReference; fileEncoding = 4; lastKnownFileType = sourcecode.swift; path = SettingsTableViewCell.swift; sourceTree = "<group>"; };
		8B4F46B71E43958600392258 /* HeaderView.swift */ = {isa = PBXFileReference; fileEncoding = 4; lastKnownFileType = sourcecode.swift; path = HeaderView.swift; sourceTree = "<group>"; };
		8B5685DE1E3A574B00A71866 /* PasswordModel.swift */ = {isa = PBXFileReference; fileEncoding = 4; lastKnownFileType = sourcecode.swift; path = PasswordModel.swift; sourceTree = "<group>"; };
		8BD2D8541E39DD4400F9535F /* PasswordContainerView.swift */ = {isa = PBXFileReference; fileEncoding = 4; lastKnownFileType = sourcecode.swift; path = PasswordContainerView.swift; sourceTree = "<group>"; };
		8BD2D8551E39DD4400F9535F /* PasswordDotView.swift */ = {isa = PBXFileReference; fileEncoding = 4; lastKnownFileType = sourcecode.swift; path = PasswordDotView.swift; sourceTree = "<group>"; };
		8BD2D8561E39DD4400F9535F /* PasswordInputView.swift */ = {isa = PBXFileReference; fileEncoding = 4; lastKnownFileType = sourcecode.swift; path = PasswordInputView.swift; sourceTree = "<group>"; };
		8BD2D8571E39DD4400F9535F /* PasswordUIValidation.swift */ = {isa = PBXFileReference; fileEncoding = 4; lastKnownFileType = sourcecode.swift; path = PasswordUIValidation.swift; sourceTree = "<group>"; };
		8BD2D85C1E39DD7F00F9535F /* PasswordContainerView.xib */ = {isa = PBXFileReference; fileEncoding = 4; lastKnownFileType = file.xib; path = PasswordContainerView.xib; sourceTree = "<group>"; };
		8BE3DF081E3938E400C7B5E2 /* SettingsEnums.swift */ = {isa = PBXFileReference; fileEncoding = 4; lastKnownFileType = sourcecode.swift; path = SettingsEnums.swift; sourceTree = "<group>"; };
		8BF3EFDA1E0577E4002BCB60 /* Vault.app */ = {isa = PBXFileReference; explicitFileType = wrapper.application; includeInIndex = 0; path = Vault.app; sourceTree = BUILT_PRODUCTS_DIR; };
		8BF3EFDD1E0577E4002BCB60 /* AppDelegate.swift */ = {isa = PBXFileReference; lastKnownFileType = sourcecode.swift; path = AppDelegate.swift; sourceTree = "<group>"; };
		8BF3EFDF1E0577E4002BCB60 /* LoginViewController.swift */ = {isa = PBXFileReference; lastKnownFileType = sourcecode.swift; path = LoginViewController.swift; sourceTree = "<group>"; };
		8BF3EFE21E0577E4002BCB60 /* Base */ = {isa = PBXFileReference; lastKnownFileType = file.storyboard; name = Base; path = Base.lproj/Main.storyboard; sourceTree = "<group>"; };
		8BF3EFE41E0577E4002BCB60 /* Assets.xcassets */ = {isa = PBXFileReference; lastKnownFileType = folder.assetcatalog; path = Assets.xcassets; sourceTree = "<group>"; };
		8BF3EFE71E0577E4002BCB60 /* Base */ = {isa = PBXFileReference; lastKnownFileType = file.storyboard; name = Base; path = Base.lproj/LaunchScreen.storyboard; sourceTree = "<group>"; };
		8BF3EFE91E0577E4002BCB60 /* Info.plist */ = {isa = PBXFileReference; lastKnownFileType = text.plist.xml; path = Info.plist; sourceTree = "<group>"; };
		8BF3EFEF1E057C8E002BCB60 /* HomeViewController.swift */ = {isa = PBXFileReference; fileEncoding = 4; lastKnownFileType = sourcecode.swift; path = HomeViewController.swift; sourceTree = "<group>"; };
		C48EDC4DA34C55641B8A113D /* Pods_Vault.framework */ = {isa = PBXFileReference; explicitFileType = wrapper.framework; includeInIndex = 0; path = Pods_Vault.framework; sourceTree = BUILT_PRODUCTS_DIR; };
		E1BA02EC16D848DBECF55B5B /* Pods-Vault.release.xcconfig */ = {isa = PBXFileReference; includeInIndex = 1; lastKnownFileType = text.xcconfig; name = "Pods-Vault.release.xcconfig"; path = "Pods/Target Support Files/Pods-Vault/Pods-Vault.release.xcconfig"; sourceTree = "<group>"; };
/* End PBXFileReference section */

/* Begin PBXFrameworksBuildPhase section */
		8BF3EFD71E0577E4002BCB60 /* Frameworks */ = {
			isa = PBXFrameworksBuildPhase;
			buildActionMask = 2147483647;
			files = (
				A05EBE7AE2CC978B2F106A5A /* Pods_Vault.framework in Frameworks */,
			);
			runOnlyForDeploymentPostprocessing = 0;
		};
/* End PBXFrameworksBuildPhase section */

/* Begin PBXGroup section */
		0D041BDB2966FC2EEBAD8397 /* Frameworks */ = {
			isa = PBXGroup;
			children = (
				C48EDC4DA34C55641B8A113D /* Pods_Vault.framework */,
			);
			name = Frameworks;
			sourceTree = "<group>";
		};
		33A4C0DD2C1232C72E76771C /* Pods */ = {
			isa = PBXGroup;
			children = (
				217D892BDE47C0FA8ABA769F /* Pods-Vault.debug.xcconfig */,
				E1BA02EC16D848DBECF55B5B /* Pods-Vault.release.xcconfig */,
			);
			name = Pods;
			sourceTree = "<group>";
		};
		8B022D251E0E94F20011AE73 /* Common */ = {
			isa = PBXGroup;
			children = (
				8B1032081E3E388100388064 /* Helpers */,
				8B1032071E3E387300388064 /* Extensions */,
				8B1032061E3E385B00388064 /* Enums */,
				8BF3EFF51E06A2C9002BCB60 /* Views */,
			);
			name = Common;
			sourceTree = "<group>";
		};
		8B022D261E0E959A0011AE73 /* Modules */ = {
			isa = PBXGroup;
			children = (
				8B10320A1E3E38CA00388064 /* New Entry */,
				8B1032091E3E38AF00388064 /* Settings */,
				8B1032041E3E381F00388064 /* Home */,
				8B1032011E3E374A00388064 /* Login */,
			);
			name = Modules;
			sourceTree = "<group>";
		};
		8B0EA4831E0C5A330028D020 /* Model */ = {
			isa = PBXGroup;
			children = (
				8B0EA4841E0C5A620028D020 /* Entry.swift */,
				8B5685DE1E3A574B00A71866 /* PasswordModel.swift */,
			);
			name = Model;
			sourceTree = "<group>";
		};
		8B1032011E3E374A00388064 /* Login */ = {
			isa = PBXGroup;
			children = (
				8B10320B1E3E38F500388064 /* View Controllers */,
				8B1032031E3E379600388064 /* Manager */,
				8B1032021E3E377C00388064 /* Views */,
			);
			name = Login;
			sourceTree = "<group>";
		};
		8B1032021E3E377C00388064 /* Views */ = {
			isa = PBXGroup;
			children = (
				8BD2D8551E39DD4400F9535F /* PasswordDotView.swift */,
				8BD2D8561E39DD4400F9535F /* PasswordInputView.swift */,
				8BD2D8541E39DD4400F9535F /* PasswordContainerView.swift */,
				8BD2D85C1E39DD7F00F9535F /* PasswordContainerView.xib */,
			);
			name = Views;
			sourceTree = "<group>";
		};
		8B1032031E3E379600388064 /* Manager */ = {
			isa = PBXGroup;
			children = (
				8BD2D8571E39DD4400F9535F /* PasswordUIValidation.swift */,
			);
			name = Manager;
			sourceTree = "<group>";
		};
		8B1032041E3E381F00388064 /* Home */ = {
			isa = PBXGroup;
			children = (
				8BF3EFEF1E057C8E002BCB60 /* HomeViewController.swift */,
				8B1032051E3E383000388064 /* Views */,
			);
			name = Home;
			sourceTree = "<group>";
		};
		8B1032051E3E383000388064 /* Views */ = {
			isa = PBXGroup;
			children = (
				8B0EA4811E0C5A080028D020 /* HomeEntryCell.swift */,
				8B10320E1E3E57F700388064 /* SwipeableTableViewCell.swift */,
			);
			name = Views;
			sourceTree = "<group>";
		};
		8B1032061E3E385B00388064 /* Enums */ = {
			isa = PBXGroup;
			children = (
				8BE3DF081E3938E400C7B5E2 /* SettingsEnums.swift */,
			);
			name = Enums;
			sourceTree = "<group>";
		};
		8B1032071E3E387300388064 /* Extensions */ = {
			isa = PBXGroup;
			children = (
				8B1075E91E16B8DD0060A9EE /* UIColor+Extension.swift */,
			);
			name = Extensions;
			sourceTree = "<group>";
		};
		8B1032081E3E388100388064 /* Helpers */ = {
			isa = PBXGroup;
			children = (
				8B1075E71E168CEC0060A9EE /* KeychainHelper.swift */,
				8B10320C1E3E3AE800388064 /* AppearanceManager.swift */,
			);
			name = Helpers;
			sourceTree = "<group>";
		};
		8B1032091E3E38AF00388064 /* Settings */ = {
			isa = PBXGroup;
			children = (
				8B4F46B41E4394BF00392258 /* Views */,
				8B18916D1E36911900D55B5A /* SettingsViewController.swift */,
			);
			name = Settings;
			sourceTree = "<group>";
		};
		8B10320A1E3E38CA00388064 /* New Entry */ = {
			isa = PBXGroup;
			children = (
				8B022D271E0F0C830011AE73 /* EntryViewController.swift */,
			);
			name = "New Entry";
			sourceTree = "<group>";
		};
		8B10320B1E3E38F500388064 /* View Controllers */ = {
			isa = PBXGroup;
			children = (
				8B1031FF1E3BB19100388064 /* PasswordPromptViewController.swift */,
				8BF3EFDF1E0577E4002BCB60 /* LoginViewController.swift */,
			);
			name = "View Controllers";
			sourceTree = "<group>";
		};
		8B4F46B41E4394BF00392258 /* Views */ = {
			isa = PBXGroup;
			children = (
				8B4F46B51E4394EA00392258 /* SettingsTableViewCell.swift */,
				8B4F46B71E43958600392258 /* HeaderView.swift */,
			);
			name = Views;
			sourceTree = "<group>";
		};
		8BF3EFD11E0577E4002BCB60 = {
			isa = PBXGroup;
			children = (
				8BF3EFDC1E0577E4002BCB60 /* Vault */,
				8BF3EFDB1E0577E4002BCB60 /* Products */,
				33A4C0DD2C1232C72E76771C /* Pods */,
				0D041BDB2966FC2EEBAD8397 /* Frameworks */,
			);
			sourceTree = "<group>";
		};
		8BF3EFDB1E0577E4002BCB60 /* Products */ = {
			isa = PBXGroup;
			children = (
				8BF3EFDA1E0577E4002BCB60 /* Vault.app */,
			);
			name = Products;
			sourceTree = "<group>";
		};
		8BF3EFDC1E0577E4002BCB60 /* Vault */ = {
			isa = PBXGroup;
			children = (
				8B10F1141E105489006B74F9 /* Vault.entitlements */,
				8B022D261E0E959A0011AE73 /* Modules */,
				8B022D251E0E94F20011AE73 /* Common */,
				8B0EA4831E0C5A330028D020 /* Model */,
				8BF3EFDD1E0577E4002BCB60 /* AppDelegate.swift */,
				8BF3EFE11E0577E4002BCB60 /* Main.storyboard */,
				8BF3EFE41E0577E4002BCB60 /* Assets.xcassets */,
				8BF3EFE61E0577E4002BCB60 /* LaunchScreen.storyboard */,
				8BF3EFE91E0577E4002BCB60 /* Info.plist */,
				8B0842C31E0DBBFC0006EF76 /* GoogleService-Info.plist */,
			);
			path = Vault;
			sourceTree = "<group>";
		};
		8BF3EFF51E06A2C9002BCB60 /* Views */ = {
			isa = PBXGroup;
			children = (
				8B0E7D531E33D27400852FFF /* RoundedCornerButton.swift */,
			);
			name = Views;
			sourceTree = "<group>";
		};
/* End PBXGroup section */

/* Begin PBXNativeTarget section */
		8BF3EFD91E0577E4002BCB60 /* Vault */ = {
			isa = PBXNativeTarget;
			buildConfigurationList = 8BF3EFEC1E0577E4002BCB60 /* Build configuration list for PBXNativeTarget "Vault" */;
			buildPhases = (
				7BE91CFB0E78CA36F86D87F5 /* [CP] Check Pods Manifest.lock */,
				8BF3EFD61E0577E4002BCB60 /* Sources */,
				8BF3EFD71E0577E4002BCB60 /* Frameworks */,
				8BF3EFD81E0577E4002BCB60 /* Resources */,
				A00B7B508B8FB102C07D394D /* [CP] Embed Pods Frameworks */,
				3CD51E9FFA9933AA79E3021E /* [CP] Copy Pods Resources */,
			);
			buildRules = (
			);
			dependencies = (
			);
			name = Vault;
			productName = Vault;
			productReference = 8BF3EFDA1E0577E4002BCB60 /* Vault.app */;
			productType = "com.apple.product-type.application";
		};
/* End PBXNativeTarget section */

/* Begin PBXProject section */
		8BF3EFD21E0577E4002BCB60 /* Project object */ = {
			isa = PBXProject;
			attributes = {
				LastSwiftUpdateCheck = 0810;
				LastUpgradeCheck = 0810;
				ORGANIZATIONNAME = "Mala Das";
				TargetAttributes = {
					8BF3EFD91E0577E4002BCB60 = {
						CreatedOnToolsVersion = 8.1;
						DevelopmentTeam = DNAANZPNS3;
						ProvisioningStyle = Automatic;
						SystemCapabilities = {
							com.apple.Keychain = {
								enabled = 1;
							};
						};
					};
				};
			};
			buildConfigurationList = 8BF3EFD51E0577E4002BCB60 /* Build configuration list for PBXProject "Vault" */;
			compatibilityVersion = "Xcode 3.2";
			developmentRegion = English;
			hasScannedForEncodings = 0;
			knownRegions = (
				en,
				Base,
			);
			mainGroup = 8BF3EFD11E0577E4002BCB60;
			productRefGroup = 8BF3EFDB1E0577E4002BCB60 /* Products */;
			projectDirPath = "";
			projectRoot = "";
			targets = (
				8BF3EFD91E0577E4002BCB60 /* Vault */,
			);
		};
/* End PBXProject section */

/* Begin PBXResourcesBuildPhase section */
		8BF3EFD81E0577E4002BCB60 /* Resources */ = {
			isa = PBXResourcesBuildPhase;
			buildActionMask = 2147483647;
			files = (
				8BF3EFE81E0577E4002BCB60 /* LaunchScreen.storyboard in Resources */,
				8B0842C41E0DBBFC0006EF76 /* GoogleService-Info.plist in Resources */,
				8BF3EFE51E0577E4002BCB60 /* Assets.xcassets in Resources */,
				8BF3EFE31E0577E4002BCB60 /* Main.storyboard in Resources */,
				8BD2D85D1E39DD7F00F9535F /* PasswordContainerView.xib in Resources */,
			);
			runOnlyForDeploymentPostprocessing = 0;
		};
/* End PBXResourcesBuildPhase section */

/* Begin PBXShellScriptBuildPhase section */
		3CD51E9FFA9933AA79E3021E /* [CP] Copy Pods Resources */ = {
			isa = PBXShellScriptBuildPhase;
			buildActionMask = 2147483647;
			files = (
			);
			inputPaths = (
			);
			name = "[CP] Copy Pods Resources";
			outputPaths = (
			);
			runOnlyForDeploymentPostprocessing = 0;
			shellPath = /bin/sh;
			shellScript = "\"${SRCROOT}/Pods/Target Support Files/Pods-Vault/Pods-Vault-resources.sh\"\n";
			showEnvVarsInLog = 0;
		};
		7BE91CFB0E78CA36F86D87F5 /* [CP] Check Pods Manifest.lock */ = {
			isa = PBXShellScriptBuildPhase;
			buildActionMask = 2147483647;
			files = (
			);
			inputPaths = (
			);
			name = "[CP] Check Pods Manifest.lock";
			outputPaths = (
			);
			runOnlyForDeploymentPostprocessing = 0;
			shellPath = /bin/sh;
			shellScript = "diff \"${PODS_ROOT}/../Podfile.lock\" \"${PODS_ROOT}/Manifest.lock\" > /dev/null\nif [ $? != 0 ] ; then\n    # print error to STDERR\n    echo \"error: The sandbox is not in sync with the Podfile.lock. Run 'pod install' or update your CocoaPods installation.\" >&2\n    exit 1\nfi\n";
			showEnvVarsInLog = 0;
		};
		A00B7B508B8FB102C07D394D /* [CP] Embed Pods Frameworks */ = {
			isa = PBXShellScriptBuildPhase;
			buildActionMask = 2147483647;
			files = (
			);
			inputPaths = (
			);
			name = "[CP] Embed Pods Frameworks";
			outputPaths = (
			);
			runOnlyForDeploymentPostprocessing = 0;
			shellPath = /bin/sh;
			shellScript = "\"${SRCROOT}/Pods/Target Support Files/Pods-Vault/Pods-Vault-frameworks.sh\"\n";
			showEnvVarsInLog = 0;
		};
/* End PBXShellScriptBuildPhase section */

/* Begin PBXSourcesBuildPhase section */
		8BF3EFD61E0577E4002BCB60 /* Sources */ = {
			isa = PBXSourcesBuildPhase;
			buildActionMask = 2147483647;
			files = (
				8BF3EFE01E0577E4002BCB60 /* LoginViewController.swift in Sources */,
				8B022D281E0F0C830011AE73 /* EntryViewController.swift in Sources */,
				8BF3EFDE1E0577E4002BCB60 /* AppDelegate.swift in Sources */,
				8B5685DF1E3A574B00A71866 /* PasswordModel.swift in Sources */,
				8B1075EA1E16B8DD0060A9EE /* UIColor+Extension.swift in Sources */,
				8BD2D85B1E39DD4400F9535F /* PasswordUIValidation.swift in Sources */,
				8BD2D85A1E39DD4400F9535F /* PasswordInputView.swift in Sources */,
				8B10320F1E3E57F700388064 /* SwipeableTableViewCell.swift in Sources */,
				8B1075E81E168CEC0060A9EE /* KeychainHelper.swift in Sources */,
				8BD2D8581E39DD4400F9535F /* PasswordContainerView.swift in Sources */,
				8BD2D8591E39DD4400F9535F /* PasswordDotView.swift in Sources */,
				8BE3DF091E3938E400C7B5E2 /* SettingsEnums.swift in Sources */,
				8B0E7D541E33D27400852FFF /* RoundedCornerButton.swift in Sources */,
				8B4F46B81E43958600392258 /* HeaderView.swift in Sources */,
				8B18916E1E36911900D55B5A /* SettingsViewController.swift in Sources */,
				8B10320D1E3E3AE800388064 /* AppearanceManager.swift in Sources */,
				8B0EA4851E0C5A620028D020 /* Entry.swift in Sources */,
				8B0EA4821E0C5A080028D020 /* HomeEntryCell.swift in Sources */,
				8BF3EFF01E057C8E002BCB60 /* HomeViewController.swift in Sources */,
				8B4F46B61E4394EA00392258 /* SettingsTableViewCell.swift in Sources */,
				8B1032001E3BB19100388064 /* PasswordPromptViewController.swift in Sources */,
			);
			runOnlyForDeploymentPostprocessing = 0;
		};
/* End PBXSourcesBuildPhase section */

/* Begin PBXVariantGroup section */
		8BF3EFE11E0577E4002BCB60 /* Main.storyboard */ = {
			isa = PBXVariantGroup;
			children = (
				8BF3EFE21E0577E4002BCB60 /* Base */,
			);
			name = Main.storyboard;
			sourceTree = "<group>";
		};
		8BF3EFE61E0577E4002BCB60 /* LaunchScreen.storyboard */ = {
			isa = PBXVariantGroup;
			children = (
				8BF3EFE71E0577E4002BCB60 /* Base */,
			);
			name = LaunchScreen.storyboard;
			sourceTree = "<group>";
		};
/* End PBXVariantGroup section */

/* Begin XCBuildConfiguration section */
		8BF3EFEA1E0577E4002BCB60 /* Debug */ = {
			isa = XCBuildConfiguration;
			buildSettings = {
				ALWAYS_SEARCH_USER_PATHS = NO;
				CLANG_ANALYZER_NONNULL = YES;
				CLANG_CXX_LANGUAGE_STANDARD = "gnu++0x";
				CLANG_CXX_LIBRARY = "libc++";
				CLANG_ENABLE_MODULES = YES;
				CLANG_ENABLE_OBJC_ARC = YES;
				CLANG_WARN_BOOL_CONVERSION = YES;
				CLANG_WARN_CONSTANT_CONVERSION = YES;
				CLANG_WARN_DIRECT_OBJC_ISA_USAGE = YES_ERROR;
				CLANG_WARN_DOCUMENTATION_COMMENTS = YES;
				CLANG_WARN_EMPTY_BODY = YES;
				CLANG_WARN_ENUM_CONVERSION = YES;
				CLANG_WARN_INFINITE_RECURSION = YES;
				CLANG_WARN_INT_CONVERSION = YES;
				CLANG_WARN_OBJC_ROOT_CLASS = YES_ERROR;
				CLANG_WARN_SUSPICIOUS_MOVE = YES;
				CLANG_WARN_SUSPICIOUS_MOVES = YES;
				CLANG_WARN_UNREACHABLE_CODE = YES;
				CLANG_WARN__DUPLICATE_METHOD_MATCH = YES;
				"CODE_SIGN_IDENTITY[sdk=iphoneos*]" = "iPhone Developer";
				COPY_PHASE_STRIP = NO;
				DEBUG_INFORMATION_FORMAT = dwarf;
				ENABLE_STRICT_OBJC_MSGSEND = YES;
				ENABLE_TESTABILITY = YES;
				GCC_C_LANGUAGE_STANDARD = gnu99;
				GCC_DYNAMIC_NO_PIC = NO;
				GCC_NO_COMMON_BLOCKS = YES;
				GCC_OPTIMIZATION_LEVEL = 0;
				GCC_PREPROCESSOR_DEFINITIONS = (
					"DEBUG=1",
					"$(inherited)",
				);
				GCC_WARN_64_TO_32_BIT_CONVERSION = YES;
				GCC_WARN_ABOUT_RETURN_TYPE = YES_ERROR;
				GCC_WARN_UNDECLARED_SELECTOR = YES;
				GCC_WARN_UNINITIALIZED_AUTOS = YES_AGGRESSIVE;
				GCC_WARN_UNUSED_FUNCTION = YES;
				GCC_WARN_UNUSED_VARIABLE = YES;
				IPHONEOS_DEPLOYMENT_TARGET = 8.4;
				MTL_ENABLE_DEBUG_INFO = YES;
				ONLY_ACTIVE_ARCH = YES;
				SDKROOT = iphoneos;
				SWIFT_ACTIVE_COMPILATION_CONDITIONS = DEBUG;
				SWIFT_OPTIMIZATION_LEVEL = "-Onone";
				TARGETED_DEVICE_FAMILY = "1,2";
			};
			name = Debug;
		};
		8BF3EFEB1E0577E4002BCB60 /* Release */ = {
			isa = XCBuildConfiguration;
			buildSettings = {
				ALWAYS_SEARCH_USER_PATHS = NO;
				CLANG_ANALYZER_NONNULL = YES;
				CLANG_CXX_LANGUAGE_STANDARD = "gnu++0x";
				CLANG_CXX_LIBRARY = "libc++";
				CLANG_ENABLE_MODULES = YES;
				CLANG_ENABLE_OBJC_ARC = YES;
				CLANG_WARN_BOOL_CONVERSION = YES;
				CLANG_WARN_CONSTANT_CONVERSION = YES;
				CLANG_WARN_DIRECT_OBJC_ISA_USAGE = YES_ERROR;
				CLANG_WARN_DOCUMENTATION_COMMENTS = YES;
				CLANG_WARN_EMPTY_BODY = YES;
				CLANG_WARN_ENUM_CONVERSION = YES;
				CLANG_WARN_INFINITE_RECURSION = YES;
				CLANG_WARN_INT_CONVERSION = YES;
				CLANG_WARN_OBJC_ROOT_CLASS = YES_ERROR;
				CLANG_WARN_SUSPICIOUS_MOVE = YES;
				CLANG_WARN_SUSPICIOUS_MOVES = YES;
				CLANG_WARN_UNREACHABLE_CODE = YES;
				CLANG_WARN__DUPLICATE_METHOD_MATCH = YES;
				"CODE_SIGN_IDENTITY[sdk=iphoneos*]" = "iPhone Developer";
				COPY_PHASE_STRIP = NO;
				DEBUG_INFORMATION_FORMAT = "dwarf-with-dsym";
				ENABLE_NS_ASSERTIONS = NO;
				ENABLE_STRICT_OBJC_MSGSEND = YES;
				GCC_C_LANGUAGE_STANDARD = gnu99;
				GCC_NO_COMMON_BLOCKS = YES;
				GCC_WARN_64_TO_32_BIT_CONVERSION = YES;
				GCC_WARN_ABOUT_RETURN_TYPE = YES_ERROR;
				GCC_WARN_UNDECLARED_SELECTOR = YES;
				GCC_WARN_UNINITIALIZED_AUTOS = YES_AGGRESSIVE;
				GCC_WARN_UNUSED_FUNCTION = YES;
				GCC_WARN_UNUSED_VARIABLE = YES;
				IPHONEOS_DEPLOYMENT_TARGET = 8.4;
				MTL_ENABLE_DEBUG_INFO = NO;
				SDKROOT = iphoneos;
				SWIFT_OPTIMIZATION_LEVEL = "-Owholemodule";
				TARGETED_DEVICE_FAMILY = "1,2";
				VALIDATE_PRODUCT = YES;
			};
			name = Release;
		};
		8BF3EFED1E0577E4002BCB60 /* Debug */ = {
			isa = XCBuildConfiguration;
			baseConfigurationReference = 217D892BDE47C0FA8ABA769F /* Pods-Vault.debug.xcconfig */;
			buildSettings = {
				ALWAYS_EMBED_SWIFT_STANDARD_LIBRARIES = YES;
				ASSETCATALOG_COMPILER_APPICON_NAME = AppIcon;
				CODE_SIGN_ENTITLEMENTS = Vault/Vault.entitlements;
				"CODE_SIGN_IDENTITY[sdk=iphoneos*]" = "iPhone Developer";
				DEVELOPMENT_TEAM = DNAANZPNS3;
				INFOPLIST_FILE = Vault/Info.plist;
				IPHONEOS_DEPLOYMENT_TARGET = 8.4;
				LD_RUNPATH_SEARCH_PATHS = "$(inherited) @executable_path/Frameworks";
				PRODUCT_BUNDLE_IDENTIFIER = com.maladas.Vault;
				PRODUCT_NAME = "$(TARGET_NAME)";
				SWIFT_VERSION = 3.0;
			};
			name = Debug;
		};
		8BF3EFEE1E0577E4002BCB60 /* Release */ = {
			isa = XCBuildConfiguration;
			baseConfigurationReference = E1BA02EC16D848DBECF55B5B /* Pods-Vault.release.xcconfig */;
			buildSettings = {
				ALWAYS_EMBED_SWIFT_STANDARD_LIBRARIES = YES;
				ASSETCATALOG_COMPILER_APPICON_NAME = AppIcon;
				CODE_SIGN_ENTITLEMENTS = Vault/Vault.entitlements;
				"CODE_SIGN_IDENTITY[sdk=iphoneos*]" = "iPhone Developer";
				DEVELOPMENT_TEAM = DNAANZPNS3;
				INFOPLIST_FILE = Vault/Info.plist;
				IPHONEOS_DEPLOYMENT_TARGET = 8.4;
				LD_RUNPATH_SEARCH_PATHS = "$(inherited) @executable_path/Frameworks";
				PRODUCT_BUNDLE_IDENTIFIER = com.maladas.Vault;
				PRODUCT_NAME = "$(TARGET_NAME)";
				SWIFT_VERSION = 3.0;
			};
			name = Release;
		};
/* End XCBuildConfiguration section */

/* Begin XCConfigurationList section */
		8BF3EFD51E0577E4002BCB60 /* Build configuration list for PBXProject "Vault" */ = {
			isa = XCConfigurationList;
			buildConfigurations = (
				8BF3EFEA1E0577E4002BCB60 /* Debug */,
				8BF3EFEB1E0577E4002BCB60 /* Release */,
			);
			defaultConfigurationIsVisible = 0;
			defaultConfigurationName = Release;
		};
		8BF3EFEC1E0577E4002BCB60 /* Build configuration list for PBXNativeTarget "Vault" */ = {
			isa = XCConfigurationList;
			buildConfigurations = (
				8BF3EFED1E0577E4002BCB60 /* Debug */,
				8BF3EFEE1E0577E4002BCB60 /* Release */,
			);
			defaultConfigurationIsVisible = 0;
			defaultConfigurationName = Release;
		};
/* End XCConfigurationList section */
	};
	rootObject = 8BF3EFD21E0577E4002BCB60 /* Project object */;
}
